
Microsoft Visual Studio Solution File, Format Version 12.00
# Visual Studio Version 16
VisualStudioVersion = 16.0.28803.452
MinimumVisualStudioVersion = 10.0.40219.1
Project("{9A19103F-16F7-4668-BE54-9A1E7A4F7556}") = "snake-sharp", "snake-sharp\snake-sharp.csproj", "{F7543A20-F684-4EDE-8A0F-E9EBFC97AFE3}"
EndProject
Project("{FAE04EC0-301F-11D3-BF4B-00C04F79EFBC}") = "snake-back", "snake-back\snake-back.csproj", "{0E25900B-48F6-4577-B92F-EF0FB844E7A1}"
EndProject
Global
	GlobalSection(SolutionConfigurationPlatforms) = preSolution
		Debug|Any CPU = Debug|Any CPU
		Release|Any CPU = Release|Any CPU
	EndGlobalSection
	GlobalSection(ProjectConfigurationPlatforms) = postSolution
		{F7543A20-F684-4EDE-8A0F-E9EBFC97AFE3}.Debug|Any CPU.ActiveCfg = Debug|Any CPU
		{F7543A20-F684-4EDE-8A0F-E9EBFC97AFE3}.Debug|Any CPU.Build.0 = Debug|Any CPU
		{F7543A20-F684-4EDE-8A0F-E9EBFC97AFE3}.Release|Any CPU.ActiveCfg = Release|Any CPU
		{F7543A20-F684-4EDE-8A0F-E9EBFC97AFE3}.Release|Any CPU.Build.0 = Release|Any CPU
		{0E25900B-48F6-4577-B92F-EF0FB844E7A1}.Debug|Any CPU.ActiveCfg = Debug|Any CPU
		{0E25900B-48F6-4577-B92F-EF0FB844E7A1}.Debug|Any CPU.Build.0 = Debug|Any CPU
		{0E25900B-48F6-4577-B92F-EF0FB844E7A1}.Release|Any CPU.ActiveCfg = Release|Any CPU
		{0E25900B-48F6-4577-B92F-EF0FB844E7A1}.Release|Any CPU.Build.0 = Release|Any CPU
	EndGlobalSection
	GlobalSection(SolutionProperties) = preSolution
		HideSolutionNode = FALSE
	EndGlobalSection
	GlobalSection(ExtensibilityGlobals) = postSolution
		SolutionGuid = {B4220376-1CBA-4559-88D8-CCE0E9A99A90}
	EndGlobalSection
EndGlobal
